{
  "object": {
    "pins": [
      {
        "package": "Toucan",
        "repositoryURL": "https://github.com/NicholasBellucci/Toucan.git",
        "state": {
          "branch": "main",
          "revision": "ff3a2d1d990133b986c48688deb4fac094c418d8",
          "version": null
        }
      }
    ]
  },
  "version": 1
}
