{
  "object": {
    "pins": [
      {
        "package": "Toucan",
        "repositoryURL": "https://github.com/NicholasBellucci/Toucan.git",
        "state": {
          "branch": "main",
          "revision": "bbb84f0e5f001b0086ad8f43b74bb697e4db6521",
          "version": null
        }
      }
    ]
  },
  "version": 1
}
