// !$*UTF8*$!
{
	archiveVersion = 1;
	classes = {
	};
	objectVersion = 52;
	objects = {

/* Begin PBXBuildFile section */
		4C137693258081B800DE3186 /* Finch.swift in Sources */ = {isa = PBXBuildFile; fileRef = 4C137692258081B800DE3186 /* Finch.swift */; };
		4C137695258081B800DE3186 /* LandingView.swift in Sources */ = {isa = PBXBuildFile; fileRef = 4C137694258081B800DE3186 /* LandingView.swift */; };
		4C137697258081BA00DE3186 /* Assets.xcassets in Resources */ = {isa = PBXBuildFile; fileRef = 4C137696258081BA00DE3186 /* Assets.xcassets */; };
		4C13769A258081BA00DE3186 /* Preview Assets.xcassets in Resources */ = {isa = PBXBuildFile; fileRef = 4C137699258081BA00DE3186 /* Preview Assets.xcassets */; };
		4C1376AB258081E700DE3186 /* Cocoa.framework in Frameworks */ = {isa = PBXBuildFile; fileRef = 4C1376AA258081E700DE3186 /* Cocoa.framework */; };
		4C1376B0258081E700DE3186 /* SourceEditorExtension.swift in Sources */ = {isa = PBXBuildFile; fileRef = 4C1376AF258081E700DE3186 /* SourceEditorExtension.swift */; };
		4C1376B2258081E700DE3186 /* ConvertJSONCommand.swift in Sources */ = {isa = PBXBuildFile; fileRef = 4C1376B1258081E700DE3186 /* ConvertJSONCommand.swift */; };
		4C1376B7258081E700DE3186 /* SourceEditorExtension.appex in Embed App Extensions */ = {isa = PBXBuildFile; fileRef = 4C1376A8258081E700DE3186 /* SourceEditorExtension.appex */; settings = {ATTRIBUTES = (RemoveHeadersOnCopy, ); }; };
		4C1376BE258081EF00DE3186 /* XcodeKit.framework in Frameworks */ = {isa = PBXBuildFile; fileRef = 4C1376AC258081E700DE3186 /* XcodeKit.framework */; };
		4C1376BF258081EF00DE3186 /* XcodeKit.framework in Embed Frameworks */ = {isa = PBXBuildFile; fileRef = 4C1376AC258081E700DE3186 /* XcodeKit.framework */; settings = {ATTRIBUTES = (CodeSignOnCopy, RemoveHeadersOnCopy, ); }; };
		4C16DBD32582FA9700AE4917 /* HomeView.swift in Sources */ = {isa = PBXBuildFile; fileRef = 4C16DBD22582FA9700AE4917 /* HomeView.swift */; };
		4C16DBD92582FE1D00AE4917 /* TextView.swift in Sources */ = {isa = PBXBuildFile; fileRef = 4C16DBD82582FE1D00AE4917 /* TextView.swift */; };
		4C16DBDE258306F200AE4917 /* Color+App.swift in Sources */ = {isa = PBXBuildFile; fileRef = 4C16DBDD258306F200AE4917 /* Color+App.swift */; };
		4C23F1502588250500AA7D4D /* Notification+Names.swift in Sources */ = {isa = PBXBuildFile; fileRef = 4C23F14F2588250500AA7D4D /* Notification+Names.swift */; };
		4C23F1542588271900AA7D4D /* Languages.swift in Sources */ = {isa = PBXBuildFile; fileRef = 4C23F1532588271900AA7D4D /* Languages.swift */; };
		4C23F1592588447B00AA7D4D /* WindowAccessor.swift in Sources */ = {isa = PBXBuildFile; fileRef = 4C23F1582588447B00AA7D4D /* WindowAccessor.swift */; };
		4C23F161258858A100AA7D4D /* NodeViewModel.swift in Sources */ = {isa = PBXBuildFile; fileRef = 4C23F160258858A100AA7D4D /* NodeViewModel.swift */; };
		4C23F165258861E100AA7D4D /* KotlinGenerator.swift in Sources */ = {isa = PBXBuildFile; fileRef = 4C23F164258861E100AA7D4D /* KotlinGenerator.swift */; };
		4C23F16825886DE900AA7D4D /* GeneratorType.swift in Sources */ = {isa = PBXBuildFile; fileRef = 4C23F16725886DE900AA7D4D /* GeneratorType.swift */; };
		4C23F175258874DF00AA7D4D /* Primitive.swift in Sources */ = {isa = PBXBuildFile; fileRef = 4C23F174258874DF00AA7D4D /* Primitive.swift */; };
		4C23F1782588751300AA7D4D /* KotlinTypeHandler.swift in Sources */ = {isa = PBXBuildFile; fileRef = 4C23F1772588751300AA7D4D /* KotlinTypeHandler.swift */; };
		4C61063925830C6800791079 /* ColoredView.swift in Sources */ = {isa = PBXBuildFile; fileRef = 4C61063825830C6800791079 /* ColoredView.swift */; };
		4C7855B8258330D0001FC7D1 /* Core.h in Headers */ = {isa = PBXBuildFile; fileRef = 4C7855B6258330D0001FC7D1 /* Core.h */; settings = {ATTRIBUTES = (Public, ); }; };
		4C7855BB258330D0001FC7D1 /* Core.framework in Frameworks */ = {isa = PBXBuildFile; fileRef = 4C7855B4258330D0001FC7D1 /* Core.framework */; };
		4C7855BC258330D0001FC7D1 /* Core.framework in Embed Frameworks */ = {isa = PBXBuildFile; fileRef = 4C7855B4258330D0001FC7D1 /* Core.framework */; settings = {ATTRIBUTES = (CodeSignOnCopy, RemoveHeadersOnCopy, ); }; };
		4C7855C525833270001FC7D1 /* Data+Utils.swift in Sources */ = {isa = PBXBuildFile; fileRef = 4CEA98862581455900BA8650 /* Data+Utils.swift */; };
		4C7855C825833277001FC7D1 /* Array+Utils.swift in Sources */ = {isa = PBXBuildFile; fileRef = 4C1376C92580822900DE3186 /* Array+Utils.swift */; };
		4C7855C925833277001FC7D1 /* String+Utils.swift in Sources */ = {isa = PBXBuildFile; fileRef = 4C1376CB2580822900DE3186 /* String+Utils.swift */; };
		4C7855CA25833277001FC7D1 /* Dictionary+Utils.swift in Sources */ = {isa = PBXBuildFile; fileRef = 4C1376CA2580822900DE3186 /* Dictionary+Utils.swift */; };
		4C7855CB25833277001FC7D1 /* Tree+Debug.swift in Sources */ = {isa = PBXBuildFile; fileRef = 4C1376C72580822900DE3186 /* Tree+Debug.swift */; };
		4C7855CC25833277001FC7D1 /* DateFormatter+Types.swift in Sources */ = {isa = PBXBuildFile; fileRef = 4C1376C82580822900DE3186 /* DateFormatter+Types.swift */; };
		4C7855D02583327E001FC7D1 /* SwiftGenerator.swift in Sources */ = {isa = PBXBuildFile; fileRef = 4C1376CE2580822900DE3186 /* SwiftGenerator.swift */; };
		4C7855D12583327E001FC7D1 /* StructGenerator.swift in Sources */ = {isa = PBXBuildFile; fileRef = 4C1376CD2580822900DE3186 /* StructGenerator.swift */; };
		4C7855D425833282001FC7D1 /* SwiftTypeHandler.swift in Sources */ = {isa = PBXBuildFile; fileRef = 4C1376C42580822900DE3186 /* SwiftTypeHandler.swift */; };
		4C7855D525833282001FC7D1 /* KeyHandler.swift in Sources */ = {isa = PBXBuildFile; fileRef = 4C1376C52580822900DE3186 /* KeyHandler.swift */; };
		4C7855D825833287001FC7D1 /* Copyable.swift in Sources */ = {isa = PBXBuildFile; fileRef = 4C1376D02580822900DE3186 /* Copyable.swift */; };
		4C7855DA2583328B001FC7D1 /* Tree.swift in Sources */ = {isa = PBXBuildFile; fileRef = 4C1376D22580822900DE3186 /* Tree.swift */; };
		4C7855DB2583328B001FC7D1 /* Node.swift in Sources */ = {isa = PBXBuildFile; fileRef = 4C1376D32580822900DE3186 /* Node.swift */; };
		4C7855DF258332B9001FC7D1 /* Core.framework in Frameworks */ = {isa = PBXBuildFile; fileRef = 4C7855B4258330D0001FC7D1 /* Core.framework */; };
		4C7855E0258332B9001FC7D1 /* Core.framework in Embed Frameworks */ = {isa = PBXBuildFile; fileRef = 4C7855B4258330D0001FC7D1 /* Core.framework */; settings = {ATTRIBUTES = (CodeSignOnCopy, RemoveHeadersOnCopy, ); }; };
		4C78564A25841EA1001FC7D1 /* Toucan in Frameworks */ = {isa = PBXBuildFile; productRef = 4C78564925841EA1001FC7D1 /* Toucan */; };
		4CEA9884258144DE00BA8650 /* Errors.swift in Sources */ = {isa = PBXBuildFile; fileRef = 4CEA9883258144DE00BA8650 /* Errors.swift */; };
/* End PBXBuildFile section */

/* Begin PBXContainerItemProxy section */
		4C1376B5258081E700DE3186 /* PBXContainerItemProxy */ = {
			isa = PBXContainerItemProxy;
			containerPortal = 4C137687258081B800DE3186 /* Project object */;
			proxyType = 1;
			remoteGlobalIDString = 4C1376A7258081E700DE3186;
			remoteInfo = FinchExtension;
		};
		4C7855B9258330D0001FC7D1 /* PBXContainerItemProxy */ = {
			isa = PBXContainerItemProxy;
			containerPortal = 4C137687258081B800DE3186 /* Project object */;
			proxyType = 1;
			remoteGlobalIDString = 4C7855B3258330D0001FC7D1;
			remoteInfo = Core;
		};
		4C7855E1258332B9001FC7D1 /* PBXContainerItemProxy */ = {
			isa = PBXContainerItemProxy;
			containerPortal = 4C137687258081B800DE3186 /* Project object */;
			proxyType = 1;
			remoteGlobalIDString = 4C7855B3258330D0001FC7D1;
			remoteInfo = Core;
		};
/* End PBXContainerItemProxy section */

/* Begin PBXCopyFilesBuildPhase section */
		4C1376BB258081E700DE3186 /* Embed App Extensions */ = {
			isa = PBXCopyFilesBuildPhase;
			buildActionMask = 2147483647;
			dstPath = "";
			dstSubfolderSpec = 13;
			files = (
				4C1376B7258081E700DE3186 /* SourceEditorExtension.appex in Embed App Extensions */,
			);
			name = "Embed App Extensions";
			runOnlyForDeploymentPostprocessing = 0;
		};
		4C1376C0258081EF00DE3186 /* Embed Frameworks */ = {
			isa = PBXCopyFilesBuildPhase;
			buildActionMask = 2147483647;
			dstPath = "";
			dstSubfolderSpec = 10;
			files = (
				4C1376BF258081EF00DE3186 /* XcodeKit.framework in Embed Frameworks */,
				4C7855E0258332B9001FC7D1 /* Core.framework in Embed Frameworks */,
			);
			name = "Embed Frameworks";
			runOnlyForDeploymentPostprocessing = 0;
		};
		4C76861F25831B260097EC87 /* Embed Frameworks */ = {
			isa = PBXCopyFilesBuildPhase;
			buildActionMask = 2147483647;
			dstPath = "";
			dstSubfolderSpec = 10;
			files = (
				4C7855BC258330D0001FC7D1 /* Core.framework in Embed Frameworks */,
			);
			name = "Embed Frameworks";
			runOnlyForDeploymentPostprocessing = 0;
		};
/* End PBXCopyFilesBuildPhase section */

/* Begin PBXFileReference section */
		4C13768F258081B800DE3186 /* Finch.app */ = {isa = PBXFileReference; explicitFileType = wrapper.application; includeInIndex = 0; path = Finch.app; sourceTree = BUILT_PRODUCTS_DIR; };
		4C137692258081B800DE3186 /* Finch.swift */ = {isa = PBXFileReference; lastKnownFileType = sourcecode.swift; path = Finch.swift; sourceTree = "<group>"; };
		4C137694258081B800DE3186 /* LandingView.swift */ = {isa = PBXFileReference; lastKnownFileType = sourcecode.swift; path = LandingView.swift; sourceTree = "<group>"; };
		4C137696258081BA00DE3186 /* Assets.xcassets */ = {isa = PBXFileReference; lastKnownFileType = folder.assetcatalog; path = Assets.xcassets; sourceTree = "<group>"; };
		4C137699258081BA00DE3186 /* Preview Assets.xcassets */ = {isa = PBXFileReference; lastKnownFileType = folder.assetcatalog; path = "Preview Assets.xcassets"; sourceTree = "<group>"; };
		4C13769B258081BA00DE3186 /* Info.plist */ = {isa = PBXFileReference; lastKnownFileType = text.plist.xml; path = Info.plist; sourceTree = "<group>"; };
		4C13769C258081BA00DE3186 /* Finch.entitlements */ = {isa = PBXFileReference; lastKnownFileType = text.plist.entitlements; path = Finch.entitlements; sourceTree = "<group>"; };
		4C1376A8258081E700DE3186 /* SourceEditorExtension.appex */ = {isa = PBXFileReference; explicitFileType = "wrapper.app-extension"; includeInIndex = 0; path = SourceEditorExtension.appex; sourceTree = BUILT_PRODUCTS_DIR; };
		4C1376AA258081E700DE3186 /* Cocoa.framework */ = {isa = PBXFileReference; lastKnownFileType = wrapper.framework; name = Cocoa.framework; path = System/Library/Frameworks/Cocoa.framework; sourceTree = SDKROOT; };
		4C1376AC258081E700DE3186 /* XcodeKit.framework */ = {isa = PBXFileReference; lastKnownFileType = wrapper.framework; name = XcodeKit.framework; path = Library/Frameworks/XcodeKit.framework; sourceTree = DEVELOPER_DIR; };
		4C1376AF258081E700DE3186 /* SourceEditorExtension.swift */ = {isa = PBXFileReference; lastKnownFileType = sourcecode.swift; path = SourceEditorExtension.swift; sourceTree = "<group>"; };
		4C1376B1258081E700DE3186 /* ConvertJSONCommand.swift */ = {isa = PBXFileReference; lastKnownFileType = sourcecode.swift; path = ConvertJSONCommand.swift; sourceTree = "<group>"; };
		4C1376B3258081E700DE3186 /* Info.plist */ = {isa = PBXFileReference; lastKnownFileType = text.plist.xml; path = Info.plist; sourceTree = "<group>"; };
		4C1376B4258081E700DE3186 /* SourceEditorExtension.entitlements */ = {isa = PBXFileReference; lastKnownFileType = text.plist.entitlements; path = SourceEditorExtension.entitlements; sourceTree = "<group>"; };
		4C1376C42580822900DE3186 /* SwiftTypeHandler.swift */ = {isa = PBXFileReference; fileEncoding = 4; lastKnownFileType = sourcecode.swift; path = SwiftTypeHandler.swift; sourceTree = "<group>"; };
		4C1376C52580822900DE3186 /* KeyHandler.swift */ = {isa = PBXFileReference; fileEncoding = 4; lastKnownFileType = sourcecode.swift; path = KeyHandler.swift; sourceTree = "<group>"; };
		4C1376C72580822900DE3186 /* Tree+Debug.swift */ = {isa = PBXFileReference; fileEncoding = 4; lastKnownFileType = sourcecode.swift; path = "Tree+Debug.swift"; sourceTree = "<group>"; };
		4C1376C82580822900DE3186 /* DateFormatter+Types.swift */ = {isa = PBXFileReference; fileEncoding = 4; lastKnownFileType = sourcecode.swift; path = "DateFormatter+Types.swift"; sourceTree = "<group>"; };
		4C1376C92580822900DE3186 /* Array+Utils.swift */ = {isa = PBXFileReference; fileEncoding = 4; lastKnownFileType = sourcecode.swift; path = "Array+Utils.swift"; sourceTree = "<group>"; };
		4C1376CA2580822900DE3186 /* Dictionary+Utils.swift */ = {isa = PBXFileReference; fileEncoding = 4; lastKnownFileType = sourcecode.swift; path = "Dictionary+Utils.swift"; sourceTree = "<group>"; };
		4C1376CB2580822900DE3186 /* String+Utils.swift */ = {isa = PBXFileReference; fileEncoding = 4; lastKnownFileType = sourcecode.swift; path = "String+Utils.swift"; sourceTree = "<group>"; };
		4C1376CD2580822900DE3186 /* StructGenerator.swift */ = {isa = PBXFileReference; fileEncoding = 4; lastKnownFileType = sourcecode.swift; path = StructGenerator.swift; sourceTree = "<group>"; };
		4C1376CE2580822900DE3186 /* SwiftGenerator.swift */ = {isa = PBXFileReference; fileEncoding = 4; lastKnownFileType = sourcecode.swift; path = SwiftGenerator.swift; sourceTree = "<group>"; };
		4C1376D02580822900DE3186 /* Copyable.swift */ = {isa = PBXFileReference; fileEncoding = 4; lastKnownFileType = sourcecode.swift; path = Copyable.swift; sourceTree = "<group>"; };
		4C1376D22580822900DE3186 /* Tree.swift */ = {isa = PBXFileReference; fileEncoding = 4; lastKnownFileType = sourcecode.swift; path = Tree.swift; sourceTree = "<group>"; };
		4C1376D32580822900DE3186 /* Node.swift */ = {isa = PBXFileReference; fileEncoding = 4; lastKnownFileType = sourcecode.swift; path = Node.swift; sourceTree = "<group>"; };
		4C16DBD22582FA9700AE4917 /* HomeView.swift */ = {isa = PBXFileReference; lastKnownFileType = sourcecode.swift; path = HomeView.swift; sourceTree = "<group>"; };
		4C16DBD82582FE1D00AE4917 /* TextView.swift */ = {isa = PBXFileReference; lastKnownFileType = sourcecode.swift; path = TextView.swift; sourceTree = "<group>"; };
		4C16DBDD258306F200AE4917 /* Color+App.swift */ = {isa = PBXFileReference; lastKnownFileType = sourcecode.swift; path = "Color+App.swift"; sourceTree = "<group>"; };
		4C23F14F2588250500AA7D4D /* Notification+Names.swift */ = {isa = PBXFileReference; lastKnownFileType = sourcecode.swift; path = "Notification+Names.swift"; sourceTree = "<group>"; };
		4C23F1532588271900AA7D4D /* Languages.swift */ = {isa = PBXFileReference; lastKnownFileType = sourcecode.swift; path = Languages.swift; sourceTree = "<group>"; };
		4C23F1582588447B00AA7D4D /* WindowAccessor.swift */ = {isa = PBXFileReference; lastKnownFileType = sourcecode.swift; path = WindowAccessor.swift; sourceTree = "<group>"; };
		4C23F160258858A100AA7D4D /* NodeViewModel.swift */ = {isa = PBXFileReference; lastKnownFileType = sourcecode.swift; path = NodeViewModel.swift; sourceTree = "<group>"; };
		4C23F164258861E100AA7D4D /* KotlinGenerator.swift */ = {isa = PBXFileReference; lastKnownFileType = sourcecode.swift; path = KotlinGenerator.swift; sourceTree = "<group>"; };
		4C23F16725886DE900AA7D4D /* GeneratorType.swift */ = {isa = PBXFileReference; lastKnownFileType = sourcecode.swift; path = GeneratorType.swift; sourceTree = "<group>"; };
		4C23F174258874DF00AA7D4D /* Primitive.swift */ = {isa = PBXFileReference; lastKnownFileType = sourcecode.swift; path = Primitive.swift; sourceTree = "<group>"; };
		4C23F1772588751300AA7D4D /* KotlinTypeHandler.swift */ = {isa = PBXFileReference; lastKnownFileType = sourcecode.swift; path = KotlinTypeHandler.swift; sourceTree = "<group>"; };
		4C61063825830C6800791079 /* ColoredView.swift */ = {isa = PBXFileReference; lastKnownFileType = sourcecode.swift; path = ColoredView.swift; sourceTree = "<group>"; };
		4C7855B4258330D0001FC7D1 /* Core.framework */ = {isa = PBXFileReference; explicitFileType = wrapper.framework; includeInIndex = 0; path = Core.framework; sourceTree = BUILT_PRODUCTS_DIR; };
		4C7855B6258330D0001FC7D1 /* Core.h */ = {isa = PBXFileReference; lastKnownFileType = sourcecode.c.h; path = Core.h; sourceTree = "<group>"; };
		4C7855B7258330D0001FC7D1 /* Info.plist */ = {isa = PBXFileReference; lastKnownFileType = text.plist.xml; path = Info.plist; sourceTree = "<group>"; };
		4CEA9883258144DE00BA8650 /* Errors.swift */ = {isa = PBXFileReference; fileEncoding = 4; lastKnownFileType = sourcecode.swift; path = Errors.swift; sourceTree = "<group>"; };
		4CEA98862581455900BA8650 /* Data+Utils.swift */ = {isa = PBXFileReference; lastKnownFileType = sourcecode.swift; path = "Data+Utils.swift"; sourceTree = "<group>"; };
/* End PBXFileReference section */

/* Begin PBXFrameworksBuildPhase section */
		4C13768C258081B800DE3186 /* Frameworks */ = {
			isa = PBXFrameworksBuildPhase;
			buildActionMask = 2147483647;
			files = (
				4C7855BB258330D0001FC7D1 /* Core.framework in Frameworks */,
				4C78564A25841EA1001FC7D1 /* Toucan in Frameworks */,
			);
			runOnlyForDeploymentPostprocessing = 0;
		};
		4C1376A5258081E700DE3186 /* Frameworks */ = {
			isa = PBXFrameworksBuildPhase;
			buildActionMask = 2147483647;
			files = (
				4C1376AB258081E700DE3186 /* Cocoa.framework in Frameworks */,
				4C7855DF258332B9001FC7D1 /* Core.framework in Frameworks */,
				4C1376BE258081EF00DE3186 /* XcodeKit.framework in Frameworks */,
			);
			runOnlyForDeploymentPostprocessing = 0;
		};
		4C7855B1258330D0001FC7D1 /* Frameworks */ = {
			isa = PBXFrameworksBuildPhase;
			buildActionMask = 2147483647;
			files = (
			);
			runOnlyForDeploymentPostprocessing = 0;
		};
/* End PBXFrameworksBuildPhase section */

/* Begin PBXGroup section */
		4C137686258081B800DE3186 = {
			isa = PBXGroup;
			children = (
				4C137691258081B800DE3186 /* Finch */,
				4C1376AE258081E700DE3186 /* SourceEditorExtension */,
				4C7855B5258330D0001FC7D1 /* Core */,
				4C1376A9258081E700DE3186 /* Frameworks */,
				4C137690258081B800DE3186 /* Products */,
			);
			sourceTree = "<group>";
		};
		4C137690258081B800DE3186 /* Products */ = {
			isa = PBXGroup;
			children = (
				4C13768F258081B800DE3186 /* Finch.app */,
				4C1376A8258081E700DE3186 /* SourceEditorExtension.appex */,
				4C7855B4258330D0001FC7D1 /* Core.framework */,
			);
			name = Products;
			sourceTree = "<group>";
		};
		4C137691258081B800DE3186 /* Finch */ = {
			isa = PBXGroup;
			children = (
				4C137692258081B800DE3186 /* Finch.swift */,
				4C16DBDC258306DF00AE4917 /* Extensions */,
				4C23F1522588270E00AA7D4D /* Models */,
				4C137698258081BA00DE3186 /* Preview Content */,
				4C1376A3258081C000DE3186 /* Resources */,
				4C16DBD62582FE0000AE4917 /* Views */,
				4C61063725830C4900791079 /* ViewModifiers */,
				4C16DBD72582FE0C00AE4917 /* ViewRepresentables */,
				4CE891CF25830D81008040C2 /* Windows */,
			);
			path = Finch;
			sourceTree = "<group>";
		};
		4C137698258081BA00DE3186 /* Preview Content */ = {
			isa = PBXGroup;
			children = (
				4C137699258081BA00DE3186 /* Preview Assets.xcassets */,
			);
			path = "Preview Content";
			sourceTree = "<group>";
		};
		4C1376A3258081C000DE3186 /* Resources */ = {
			isa = PBXGroup;
			children = (
				4C137696258081BA00DE3186 /* Assets.xcassets */,
				4C13769B258081BA00DE3186 /* Info.plist */,
				4C13769C258081BA00DE3186 /* Finch.entitlements */,
			);
			path = Resources;
			sourceTree = "<group>";
		};
		4C1376A9258081E700DE3186 /* Frameworks */ = {
			isa = PBXGroup;
			children = (
				4C1376AA258081E700DE3186 /* Cocoa.framework */,
				4C1376AC258081E700DE3186 /* XcodeKit.framework */,
			);
			name = Frameworks;
			sourceTree = "<group>";
		};
		4C1376AE258081E700DE3186 /* SourceEditorExtension */ = {
			isa = PBXGroup;
			children = (
				4C1376AF258081E700DE3186 /* SourceEditorExtension.swift */,
				4C1376E32580891100DE3186 /* Commands */,
				4CEA9882258144DE00BA8650 /* Errors */,
				4C1376C1258081F700DE3186 /* Resources */,
			);
			path = SourceEditorExtension;
			sourceTree = "<group>";
		};
		4C1376C1258081F700DE3186 /* Resources */ = {
			isa = PBXGroup;
			children = (
				4C1376B3258081E700DE3186 /* Info.plist */,
				4C1376B4258081E700DE3186 /* SourceEditorExtension.entitlements */,
			);
			path = Resources;
			sourceTree = "<group>";
		};
		4C1376C32580822900DE3186 /* Handlers */ = {
			isa = PBXGroup;
			children = (
				4C1376C52580822900DE3186 /* KeyHandler.swift */,
				4C23F17E2588753400AA7D4D /* LanguageHandlers */,
			);
			name = Handlers;
			path = ../SourceEditorExtension/Core/Handlers;
			sourceTree = "<group>";
		};
		4C1376C62580822900DE3186 /* Extensions */ = {
			isa = PBXGroup;
			children = (
				4C1376C92580822900DE3186 /* Array+Utils.swift */,
				4CEA98862581455900BA8650 /* Data+Utils.swift */,
				4C1376C82580822900DE3186 /* DateFormatter+Types.swift */,
				4C1376CA2580822900DE3186 /* Dictionary+Utils.swift */,
				4C1376CB2580822900DE3186 /* String+Utils.swift */,
				4C1376C72580822900DE3186 /* Tree+Debug.swift */,
			);
			name = Extensions;
			path = ../SourceEditorExtension/Core/Extensions;
			sourceTree = "<group>";
		};
		4C1376CC2580822900DE3186 /* Generators */ = {
			isa = PBXGroup;
			children = (
				4C1376CD2580822900DE3186 /* StructGenerator.swift */,
				4C23F17B2588752300AA7D4D /* LanguageGenerators */,
			);
			name = Generators;
			path = ../SourceEditorExtension/Core/Generators;
			sourceTree = "<group>";
		};
		4C1376CF2580822900DE3186 /* Protocols */ = {
			isa = PBXGroup;
			children = (
				4C1376D02580822900DE3186 /* Copyable.swift */,
			);
			name = Protocols;
			path = ../SourceEditorExtension/Core/Protocols;
			sourceTree = "<group>";
		};
		4C1376D12580822900DE3186 /* Tree */ = {
			isa = PBXGroup;
			children = (
				4C1376D22580822900DE3186 /* Tree.swift */,
				4C1376D32580822900DE3186 /* Node.swift */,
			);
			name = Tree;
			path = ../SourceEditorExtension/Core/Tree;
			sourceTree = "<group>";
		};
		4C1376E32580891100DE3186 /* Commands */ = {
			isa = PBXGroup;
			children = (
				4C1376B1258081E700DE3186 /* ConvertJSONCommand.swift */,
			);
			path = Commands;
			sourceTree = "<group>";
		};
		4C16DBD62582FE0000AE4917 /* Views */ = {
			isa = PBXGroup;
			children = (
				4C61063825830C6800791079 /* ColoredView.swift */,
			);
			path = Views;
			sourceTree = "<group>";
		};
		4C16DBD72582FE0C00AE4917 /* ViewRepresentables */ = {
			isa = PBXGroup;
			children = (
				4C16DBD82582FE1D00AE4917 /* TextView.swift */,
				4C23F1582588447B00AA7D4D /* WindowAccessor.swift */,
			);
			path = ViewRepresentables;
			sourceTree = "<group>";
		};
		4C16DBDC258306DF00AE4917 /* Extensions */ = {
			isa = PBXGroup;
			children = (
				4C16DBDD258306F200AE4917 /* Color+App.swift */,
				4C23F14F2588250500AA7D4D /* Notification+Names.swift */,
			);
			path = Extensions;
			sourceTree = "<group>";
		};
		4C23F1522588270E00AA7D4D /* Models */ = {
			isa = PBXGroup;
			children = (
				4C23F1532588271900AA7D4D /* Languages.swift */,
			);
			path = Models;
			sourceTree = "<group>";
		};
		4C23F15F2588587C00AA7D4D /* ViewModels */ = {
			isa = PBXGroup;
			children = (
				4C23F160258858A100AA7D4D /* NodeViewModel.swift */,
			);
			path = ViewModels;
			sourceTree = "<group>";
		};
		4C23F16A25886DED00AA7D4D /* Models */ = {
			isa = PBXGroup;
			children = (
				4C23F16725886DE900AA7D4D /* GeneratorType.swift */,
				4C23F174258874DF00AA7D4D /* Primitive.swift */,
			);
			path = Models;
			sourceTree = "<group>";
		};
		4C23F17B2588752300AA7D4D /* LanguageGenerators */ = {
			isa = PBXGroup;
			children = (
				4C1376CE2580822900DE3186 /* SwiftGenerator.swift */,
				4C23F164258861E100AA7D4D /* KotlinGenerator.swift */,
			);
			path = LanguageGenerators;
			sourceTree = "<group>";
		};
		4C23F17E2588753400AA7D4D /* LanguageHandlers */ = {
			isa = PBXGroup;
			children = (
				4C23F1772588751300AA7D4D /* KotlinTypeHandler.swift */,
				4C1376C42580822900DE3186 /* SwiftTypeHandler.swift */,
			);
			path = LanguageHandlers;
			sourceTree = "<group>";
		};
		4C61063725830C4900791079 /* ViewModifiers */ = {
			isa = PBXGroup;
			children = (
			);
			path = ViewModifiers;
			sourceTree = "<group>";
		};
		4C7855B5258330D0001FC7D1 /* Core */ = {
			isa = PBXGroup;
			children = (
				4C7855B6258330D0001FC7D1 /* Core.h */,
				4C7855B7258330D0001FC7D1 /* Info.plist */,
				4C1376C62580822900DE3186 /* Extensions */,
				4C1376CC2580822900DE3186 /* Generators */,
				4C1376C32580822900DE3186 /* Handlers */,
				4C23F16A25886DED00AA7D4D /* Models */,
				4C1376CF2580822900DE3186 /* Protocols */,
				4C1376D12580822900DE3186 /* Tree */,
				4C23F15F2588587C00AA7D4D /* ViewModels */,
			);
			path = Core;
			sourceTree = "<group>";
		};
		4CE891CF25830D81008040C2 /* Windows */ = {
			isa = PBXGroup;
			children = (
				4C16DBD22582FA9700AE4917 /* HomeView.swift */,
				4C137694258081B800DE3186 /* LandingView.swift */,
			);
			path = Windows;
			sourceTree = "<group>";
		};
		4CEA9882258144DE00BA8650 /* Errors */ = {
			isa = PBXGroup;
			children = (
				4CEA9883258144DE00BA8650 /* Errors.swift */,
			);
			path = Errors;
			sourceTree = "<group>";
		};
/* End PBXGroup section */

/* Begin PBXHeadersBuildPhase section */
		4C7855AF258330D0001FC7D1 /* Headers */ = {
			isa = PBXHeadersBuildPhase;
			buildActionMask = 2147483647;
			files = (
				4C7855B8258330D0001FC7D1 /* Core.h in Headers */,
			);
			runOnlyForDeploymentPostprocessing = 0;
		};
/* End PBXHeadersBuildPhase section */

/* Begin PBXNativeTarget section */
		4C13768E258081B800DE3186 /* Finch */ = {
			isa = PBXNativeTarget;
			buildConfigurationList = 4C13769F258081BA00DE3186 /* Build configuration list for PBXNativeTarget "Finch" */;
			buildPhases = (
				4C13768B258081B800DE3186 /* Sources */,
				4C13768C258081B800DE3186 /* Frameworks */,
				4C13768D258081B800DE3186 /* Resources */,
				4C1376BB258081E700DE3186 /* Embed App Extensions */,
				4C76861F25831B260097EC87 /* Embed Frameworks */,
			);
			buildRules = (
			);
			dependencies = (
				4C1376B6258081E700DE3186 /* PBXTargetDependency */,
				4C7855BA258330D0001FC7D1 /* PBXTargetDependency */,
			);
			name = Finch;
			packageProductDependencies = (
				4C78564925841EA1001FC7D1 /* Toucan */,
			);
			productName = Finch;
			productReference = 4C13768F258081B800DE3186 /* Finch.app */;
			productType = "com.apple.product-type.application";
		};
		4C1376A7258081E700DE3186 /* SourceEditorExtension */ = {
			isa = PBXNativeTarget;
			buildConfigurationList = 4C1376B8258081E700DE3186 /* Build configuration list for PBXNativeTarget "SourceEditorExtension" */;
			buildPhases = (
				4C1376A4258081E700DE3186 /* Sources */,
				4C1376A5258081E700DE3186 /* Frameworks */,
				4C1376A6258081E700DE3186 /* Resources */,
				4C1376C0258081EF00DE3186 /* Embed Frameworks */,
			);
			buildRules = (
			);
			dependencies = (
				4C7855E2258332B9001FC7D1 /* PBXTargetDependency */,
			);
			name = SourceEditorExtension;
			productName = FinchExtension;
			productReference = 4C1376A8258081E700DE3186 /* SourceEditorExtension.appex */;
			productType = "com.apple.product-type.xcode-extension";
		};
		4C7855B3258330D0001FC7D1 /* Core */ = {
			isa = PBXNativeTarget;
			buildConfigurationList = 4C7855BF258330D0001FC7D1 /* Build configuration list for PBXNativeTarget "Core" */;
			buildPhases = (
				4C7855AF258330D0001FC7D1 /* Headers */,
				4C7855B0258330D0001FC7D1 /* Sources */,
				4C7855B1258330D0001FC7D1 /* Frameworks */,
				4C7855B2258330D0001FC7D1 /* Resources */,
			);
			buildRules = (
			);
			dependencies = (
			);
			name = Core;
			productName = Core;
			productReference = 4C7855B4258330D0001FC7D1 /* Core.framework */;
			productType = "com.apple.product-type.framework";
		};
/* End PBXNativeTarget section */

/* Begin PBXProject section */
		4C137687258081B800DE3186 /* Project object */ = {
			isa = PBXProject;
			attributes = {
				LastSwiftUpdateCheck = 1220;
				LastUpgradeCheck = 1220;
				TargetAttributes = {
					4C13768E258081B800DE3186 = {
						CreatedOnToolsVersion = 12.2;
					};
					4C1376A7258081E700DE3186 = {
						CreatedOnToolsVersion = 12.2;
					};
					4C7855B3258330D0001FC7D1 = {
						CreatedOnToolsVersion = 12.2;
					};
				};
			};
			buildConfigurationList = 4C13768A258081B800DE3186 /* Build configuration list for PBXProject "Finch" */;
			compatibilityVersion = "Xcode 9.3";
			developmentRegion = en;
			hasScannedForEncodings = 0;
			knownRegions = (
				en,
				Base,
			);
			mainGroup = 4C137686258081B800DE3186;
			packageReferences = (
				4C78564825841EA1001FC7D1 /* XCRemoteSwiftPackageReference "Toucan" */,
			);
			productRefGroup = 4C137690258081B800DE3186 /* Products */;
			projectDirPath = "";
			projectRoot = "";
			targets = (
				4C13768E258081B800DE3186 /* Finch */,
				4C1376A7258081E700DE3186 /* SourceEditorExtension */,
				4C7855B3258330D0001FC7D1 /* Core */,
			);
		};
/* End PBXProject section */

/* Begin PBXResourcesBuildPhase section */
		4C13768D258081B800DE3186 /* Resources */ = {
			isa = PBXResourcesBuildPhase;
			buildActionMask = 2147483647;
			files = (
				4C13769A258081BA00DE3186 /* Preview Assets.xcassets in Resources */,
				4C137697258081BA00DE3186 /* Assets.xcassets in Resources */,
			);
			runOnlyForDeploymentPostprocessing = 0;
		};
		4C1376A6258081E700DE3186 /* Resources */ = {
			isa = PBXResourcesBuildPhase;
			buildActionMask = 2147483647;
			files = (
			);
			runOnlyForDeploymentPostprocessing = 0;
		};
		4C7855B2258330D0001FC7D1 /* Resources */ = {
			isa = PBXResourcesBuildPhase;
			buildActionMask = 2147483647;
			files = (
			);
			runOnlyForDeploymentPostprocessing = 0;
		};
/* End PBXResourcesBuildPhase section */

/* Begin PBXSourcesBuildPhase section */
		4C13768B258081B800DE3186 /* Sources */ = {
			isa = PBXSourcesBuildPhase;
			buildActionMask = 2147483647;
			files = (
				4C23F1592588447B00AA7D4D /* WindowAccessor.swift in Sources */,
				4C16DBD32582FA9700AE4917 /* HomeView.swift in Sources */,
				4C23F1542588271900AA7D4D /* Languages.swift in Sources */,
				4C16DBDE258306F200AE4917 /* Color+App.swift in Sources */,
				4C16DBD92582FE1D00AE4917 /* TextView.swift in Sources */,
				4C23F1502588250500AA7D4D /* Notification+Names.swift in Sources */,
				4C137695258081B800DE3186 /* LandingView.swift in Sources */,
				4C137693258081B800DE3186 /* Finch.swift in Sources */,
				4C61063925830C6800791079 /* ColoredView.swift in Sources */,
			);
			runOnlyForDeploymentPostprocessing = 0;
		};
		4C1376A4258081E700DE3186 /* Sources */ = {
			isa = PBXSourcesBuildPhase;
			buildActionMask = 2147483647;
			files = (
				4C1376B0258081E700DE3186 /* SourceEditorExtension.swift in Sources */,
				4CEA9884258144DE00BA8650 /* Errors.swift in Sources */,
				4C1376B2258081E700DE3186 /* ConvertJSONCommand.swift in Sources */,
			);
			runOnlyForDeploymentPostprocessing = 0;
		};
		4C7855B0258330D0001FC7D1 /* Sources */ = {
			isa = PBXSourcesBuildPhase;
			buildActionMask = 2147483647;
			files = (
				4C23F161258858A100AA7D4D /* NodeViewModel.swift in Sources */,
				4C23F1782588751300AA7D4D /* KotlinTypeHandler.swift in Sources */,
				4C7855D02583327E001FC7D1 /* SwiftGenerator.swift in Sources */,
				4C7855D825833287001FC7D1 /* Copyable.swift in Sources */,
				4C7855C525833270001FC7D1 /* Data+Utils.swift in Sources */,
				4C7855D425833282001FC7D1 /* SwiftTypeHandler.swift in Sources */,
				4C7855C825833277001FC7D1 /* Array+Utils.swift in Sources */,
				4C7855DB2583328B001FC7D1 /* Node.swift in Sources */,
				4C23F16825886DE900AA7D4D /* GeneratorType.swift in Sources */,
				4C23F175258874DF00AA7D4D /* Primitive.swift in Sources */,
				4C7855CC25833277001FC7D1 /* DateFormatter+Types.swift in Sources */,
				4C7855D12583327E001FC7D1 /* StructGenerator.swift in Sources */,
				4C7855D525833282001FC7D1 /* KeyHandler.swift in Sources */,
				4C23F165258861E100AA7D4D /* KotlinGenerator.swift in Sources */,
				4C7855CB25833277001FC7D1 /* Tree+Debug.swift in Sources */,
				4C7855DA2583328B001FC7D1 /* Tree.swift in Sources */,
				4C7855C925833277001FC7D1 /* String+Utils.swift in Sources */,
				4C7855CA25833277001FC7D1 /* Dictionary+Utils.swift in Sources */,
			);
			runOnlyForDeploymentPostprocessing = 0;
		};
/* End PBXSourcesBuildPhase section */

/* Begin PBXTargetDependency section */
		4C1376B6258081E700DE3186 /* PBXTargetDependency */ = {
			isa = PBXTargetDependency;
			target = 4C1376A7258081E700DE3186 /* SourceEditorExtension */;
			targetProxy = 4C1376B5258081E700DE3186 /* PBXContainerItemProxy */;
		};
		4C7855BA258330D0001FC7D1 /* PBXTargetDependency */ = {
			isa = PBXTargetDependency;
			target = 4C7855B3258330D0001FC7D1 /* Core */;
			targetProxy = 4C7855B9258330D0001FC7D1 /* PBXContainerItemProxy */;
		};
		4C7855E2258332B9001FC7D1 /* PBXTargetDependency */ = {
			isa = PBXTargetDependency;
			target = 4C7855B3258330D0001FC7D1 /* Core */;
			targetProxy = 4C7855E1258332B9001FC7D1 /* PBXContainerItemProxy */;
		};
/* End PBXTargetDependency section */

/* Begin XCBuildConfiguration section */
		4C13769D258081BA00DE3186 /* Debug */ = {
			isa = XCBuildConfiguration;
			buildSettings = {
				ALWAYS_SEARCH_USER_PATHS = NO;
				CLANG_ANALYZER_NONNULL = YES;
				CLANG_ANALYZER_NUMBER_OBJECT_CONVERSION = YES_AGGRESSIVE;
				CLANG_CXX_LANGUAGE_STANDARD = "gnu++14";
				CLANG_CXX_LIBRARY = "libc++";
				CLANG_ENABLE_MODULES = YES;
				CLANG_ENABLE_OBJC_ARC = YES;
				CLANG_ENABLE_OBJC_WEAK = YES;
				CLANG_WARN_BLOCK_CAPTURE_AUTORELEASING = YES;
				CLANG_WARN_BOOL_CONVERSION = YES;
				CLANG_WARN_COMMA = YES;
				CLANG_WARN_CONSTANT_CONVERSION = YES;
				CLANG_WARN_DEPRECATED_OBJC_IMPLEMENTATIONS = YES;
				CLANG_WARN_DIRECT_OBJC_ISA_USAGE = YES_ERROR;
				CLANG_WARN_DOCUMENTATION_COMMENTS = YES;
				CLANG_WARN_EMPTY_BODY = YES;
				CLANG_WARN_ENUM_CONVERSION = YES;
				CLANG_WARN_INFINITE_RECURSION = YES;
				CLANG_WARN_INT_CONVERSION = YES;
				CLANG_WARN_NON_LITERAL_NULL_CONVERSION = YES;
				CLANG_WARN_OBJC_IMPLICIT_RETAIN_SELF = YES;
				CLANG_WARN_OBJC_LITERAL_CONVERSION = YES;
				CLANG_WARN_OBJC_ROOT_CLASS = YES_ERROR;
				CLANG_WARN_QUOTED_INCLUDE_IN_FRAMEWORK_HEADER = YES;
				CLANG_WARN_RANGE_LOOP_ANALYSIS = YES;
				CLANG_WARN_STRICT_PROTOTYPES = YES;
				CLANG_WARN_SUSPICIOUS_MOVE = YES;
				CLANG_WARN_UNGUARDED_AVAILABILITY = YES_AGGRESSIVE;
				CLANG_WARN_UNREACHABLE_CODE = YES;
				CLANG_WARN__DUPLICATE_METHOD_MATCH = YES;
				COPY_PHASE_STRIP = NO;
				DEBUG_INFORMATION_FORMAT = dwarf;
				ENABLE_STRICT_OBJC_MSGSEND = YES;
				ENABLE_TESTABILITY = YES;
				GCC_C_LANGUAGE_STANDARD = gnu11;
				GCC_DYNAMIC_NO_PIC = NO;
				GCC_NO_COMMON_BLOCKS = YES;
				GCC_OPTIMIZATION_LEVEL = 0;
				GCC_PREPROCESSOR_DEFINITIONS = (
					"DEBUG=1",
					"$(inherited)",
				);
				GCC_WARN_64_TO_32_BIT_CONVERSION = YES;
				GCC_WARN_ABOUT_RETURN_TYPE = YES_ERROR;
				GCC_WARN_UNDECLARED_SELECTOR = YES;
				GCC_WARN_UNINITIALIZED_AUTOS = YES_AGGRESSIVE;
				GCC_WARN_UNUSED_FUNCTION = YES;
				GCC_WARN_UNUSED_VARIABLE = YES;
				MACOSX_DEPLOYMENT_TARGET = 10.15;
				MTL_ENABLE_DEBUG_INFO = INCLUDE_SOURCE;
				MTL_FAST_MATH = YES;
				ONLY_ACTIVE_ARCH = YES;
				SDKROOT = macosx;
				SWIFT_ACTIVE_COMPILATION_CONDITIONS = DEBUG;
				SWIFT_OPTIMIZATION_LEVEL = "-Onone";
			};
			name = Debug;
		};
		4C13769E258081BA00DE3186 /* Release */ = {
			isa = XCBuildConfiguration;
			buildSettings = {
				ALWAYS_SEARCH_USER_PATHS = NO;
				CLANG_ANALYZER_NONNULL = YES;
				CLANG_ANALYZER_NUMBER_OBJECT_CONVERSION = YES_AGGRESSIVE;
				CLANG_CXX_LANGUAGE_STANDARD = "gnu++14";
				CLANG_CXX_LIBRARY = "libc++";
				CLANG_ENABLE_MODULES = YES;
				CLANG_ENABLE_OBJC_ARC = YES;
				CLANG_ENABLE_OBJC_WEAK = YES;
				CLANG_WARN_BLOCK_CAPTURE_AUTORELEASING = YES;
				CLANG_WARN_BOOL_CONVERSION = YES;
				CLANG_WARN_COMMA = YES;
				CLANG_WARN_CONSTANT_CONVERSION = YES;
				CLANG_WARN_DEPRECATED_OBJC_IMPLEMENTATIONS = YES;
				CLANG_WARN_DIRECT_OBJC_ISA_USAGE = YES_ERROR;
				CLANG_WARN_DOCUMENTATION_COMMENTS = YES;
				CLANG_WARN_EMPTY_BODY = YES;
				CLANG_WARN_ENUM_CONVERSION = YES;
				CLANG_WARN_INFINITE_RECURSION = YES;
				CLANG_WARN_INT_CONVERSION = YES;
				CLANG_WARN_NON_LITERAL_NULL_CONVERSION = YES;
				CLANG_WARN_OBJC_IMPLICIT_RETAIN_SELF = YES;
				CLANG_WARN_OBJC_LITERAL_CONVERSION = YES;
				CLANG_WARN_OBJC_ROOT_CLASS = YES_ERROR;
				CLANG_WARN_QUOTED_INCLUDE_IN_FRAMEWORK_HEADER = YES;
				CLANG_WARN_RANGE_LOOP_ANALYSIS = YES;
				CLANG_WARN_STRICT_PROTOTYPES = YES;
				CLANG_WARN_SUSPICIOUS_MOVE = YES;
				CLANG_WARN_UNGUARDED_AVAILABILITY = YES_AGGRESSIVE;
				CLANG_WARN_UNREACHABLE_CODE = YES;
				CLANG_WARN__DUPLICATE_METHOD_MATCH = YES;
				COPY_PHASE_STRIP = NO;
				DEBUG_INFORMATION_FORMAT = "dwarf-with-dsym";
				ENABLE_NS_ASSERTIONS = NO;
				ENABLE_STRICT_OBJC_MSGSEND = YES;
				GCC_C_LANGUAGE_STANDARD = gnu11;
				GCC_NO_COMMON_BLOCKS = YES;
				GCC_WARN_64_TO_32_BIT_CONVERSION = YES;
				GCC_WARN_ABOUT_RETURN_TYPE = YES_ERROR;
				GCC_WARN_UNDECLARED_SELECTOR = YES;
				GCC_WARN_UNINITIALIZED_AUTOS = YES_AGGRESSIVE;
				GCC_WARN_UNUSED_FUNCTION = YES;
				GCC_WARN_UNUSED_VARIABLE = YES;
				MACOSX_DEPLOYMENT_TARGET = 10.15;
				MTL_ENABLE_DEBUG_INFO = NO;
				MTL_FAST_MATH = YES;
				SDKROOT = macosx;
				SWIFT_COMPILATION_MODE = wholemodule;
				SWIFT_OPTIMIZATION_LEVEL = "-O";
			};
			name = Release;
		};
		4C1376A0258081BA00DE3186 /* Debug */ = {
			isa = XCBuildConfiguration;
			buildSettings = {
				ALWAYS_EMBED_SWIFT_STANDARD_LIBRARIES = YES;
				ASSETCATALOG_COMPILER_APPICON_NAME = AppIcon;
				ASSETCATALOG_COMPILER_GLOBAL_ACCENT_COLOR_NAME = AccentColor;
				CODE_SIGN_ENTITLEMENTS = Finch/Resources/Finch.entitlements;
				CODE_SIGN_STYLE = Automatic;
				COMBINE_HIDPI_IMAGES = YES;
				CURRENT_PROJECT_VERSION = 2;
				DEVELOPMENT_ASSET_PATHS = "\"Finch/Preview Content\"";
				DEVELOPMENT_TEAM = KQQS5CV32Z;
				ENABLE_HARDENED_RUNTIME = YES;
				ENABLE_PREVIEWS = YES;
				INFOPLIST_FILE = Finch/Resources/Info.plist;
				LD_RUNPATH_SEARCH_PATHS = (
					"$(inherited)",
					"@executable_path/../Frameworks",
				);
				MACOSX_DEPLOYMENT_TARGET = 10.15;
				MARKETING_VERSION = 1.0.1;
				PRODUCT_BUNDLE_IDENTIFIER = com.Finch;
				PRODUCT_NAME = "$(TARGET_NAME)";
				SWIFT_VERSION = 5.0;
			};
			name = Debug;
		};
		4C1376A1258081BA00DE3186 /* Release */ = {
			isa = XCBuildConfiguration;
			buildSettings = {
				ALWAYS_EMBED_SWIFT_STANDARD_LIBRARIES = YES;
				ASSETCATALOG_COMPILER_APPICON_NAME = AppIcon;
				ASSETCATALOG_COMPILER_GLOBAL_ACCENT_COLOR_NAME = AccentColor;
				CODE_SIGN_ENTITLEMENTS = Finch/Resources/Finch.entitlements;
				CODE_SIGN_STYLE = Automatic;
				COMBINE_HIDPI_IMAGES = YES;
				CURRENT_PROJECT_VERSION = 2;
				DEVELOPMENT_ASSET_PATHS = "\"Finch/Preview Content\"";
				DEVELOPMENT_TEAM = KQQS5CV32Z;
				ENABLE_HARDENED_RUNTIME = YES;
				ENABLE_PREVIEWS = YES;
				INFOPLIST_FILE = Finch/Resources/Info.plist;
				LD_RUNPATH_SEARCH_PATHS = (
					"$(inherited)",
					"@executable_path/../Frameworks",
				);
				MACOSX_DEPLOYMENT_TARGET = 10.15;
				MARKETING_VERSION = 1.0.1;
				PRODUCT_BUNDLE_IDENTIFIER = com.Finch;
				PRODUCT_NAME = "$(TARGET_NAME)";
				SWIFT_VERSION = 5.0;
			};
			name = Release;
		};
		4C1376B9258081E700DE3186 /* Debug */ = {
			isa = XCBuildConfiguration;
			buildSettings = {
				CODE_SIGN_ENTITLEMENTS = SourceEditorExtension/Resources/SourceEditorExtension.entitlements;
				CODE_SIGN_STYLE = Automatic;
				COMBINE_HIDPI_IMAGES = YES;
				CURRENT_PROJECT_VERSION = 2;
				DEVELOPMENT_TEAM = KQQS5CV32Z;
				ENABLE_HARDENED_RUNTIME = YES;
				INFOPLIST_FILE = SourceEditorExtension/Resources/Info.plist;
				LD_RUNPATH_SEARCH_PATHS = (
					"$(inherited)",
					"@executable_path/../Frameworks",
					"@executable_path/../../../../Frameworks",
				);
				MARKETING_VERSION = 1.0.1;
				PRODUCT_BUNDLE_IDENTIFIER = com.Finch.SourceEditorExtension;
				PRODUCT_NAME = "$(TARGET_NAME)";
				SKIP_INSTALL = YES;
				SWIFT_VERSION = 5.0;
			};
			name = Debug;
		};
		4C1376BA258081E700DE3186 /* Release */ = {
			isa = XCBuildConfiguration;
			buildSettings = {
				CODE_SIGN_ENTITLEMENTS = SourceEditorExtension/Resources/SourceEditorExtension.entitlements;
				CODE_SIGN_STYLE = Automatic;
				COMBINE_HIDPI_IMAGES = YES;
				CURRENT_PROJECT_VERSION = 2;
				DEVELOPMENT_TEAM = KQQS5CV32Z;
				ENABLE_HARDENED_RUNTIME = YES;
				INFOPLIST_FILE = SourceEditorExtension/Resources/Info.plist;
				LD_RUNPATH_SEARCH_PATHS = (
					"$(inherited)",
					"@executable_path/../Frameworks",
					"@executable_path/../../../../Frameworks",
				);
				MARKETING_VERSION = 1.0.1;
				PRODUCT_BUNDLE_IDENTIFIER = com.Finch.SourceEditorExtension;
				PRODUCT_NAME = "$(TARGET_NAME)";
				SKIP_INSTALL = YES;
				SWIFT_VERSION = 5.0;
			};
			name = Release;
		};
		4C7855BD258330D0001FC7D1 /* Debug */ = {
			isa = XCBuildConfiguration;
			buildSettings = {
				APPLICATION_EXTENSION_API_ONLY = YES;
				CODE_SIGN_STYLE = Automatic;
				COMBINE_HIDPI_IMAGES = YES;
				CURRENT_PROJECT_VERSION = 1;
				DEFINES_MODULE = YES;
				DEVELOPMENT_TEAM = KQQS5CV32Z;
				DYLIB_COMPATIBILITY_VERSION = 1;
				DYLIB_CURRENT_VERSION = 1;
				DYLIB_INSTALL_NAME_BASE = "@rpath";
				INFOPLIST_FILE = Core/Info.plist;
				INSTALL_PATH = "$(LOCAL_LIBRARY_DIR)/Frameworks";
				LD_RUNPATH_SEARCH_PATHS = (
					"$(inherited)",
					"@executable_path/../Frameworks",
					"@loader_path/Frameworks",
				);
				MACOSX_DEPLOYMENT_TARGET = 10.15;
				PRODUCT_BUNDLE_IDENTIFIER = com.Core;
				PRODUCT_NAME = "$(TARGET_NAME:c99extidentifier)";
				SKIP_INSTALL = YES;
				SWIFT_VERSION = 5.0;
				VERSIONING_SYSTEM = "apple-generic";
				VERSION_INFO_PREFIX = "";
			};
			name = Debug;
		};
		4C7855BE258330D0001FC7D1 /* Release */ = {
			isa = XCBuildConfiguration;
			buildSettings = {
				APPLICATION_EXTENSION_API_ONLY = YES;
				CODE_SIGN_STYLE = Automatic;
				COMBINE_HIDPI_IMAGES = YES;
				CURRENT_PROJECT_VERSION = 1;
				DEFINES_MODULE = YES;
				DEVELOPMENT_TEAM = KQQS5CV32Z;
				DYLIB_COMPATIBILITY_VERSION = 1;
				DYLIB_CURRENT_VERSION = 1;
				DYLIB_INSTALL_NAME_BASE = "@rpath";
				INFOPLIST_FILE = Core/Info.plist;
				INSTALL_PATH = "$(LOCAL_LIBRARY_DIR)/Frameworks";
				LD_RUNPATH_SEARCH_PATHS = (
					"$(inherited)",
					"@executable_path/../Frameworks",
					"@loader_path/Frameworks",
				);
				MACOSX_DEPLOYMENT_TARGET = 10.15;
				PRODUCT_BUNDLE_IDENTIFIER = com.Core;
				PRODUCT_NAME = "$(TARGET_NAME:c99extidentifier)";
				SKIP_INSTALL = YES;
				SWIFT_VERSION = 5.0;
				VERSIONING_SYSTEM = "apple-generic";
				VERSION_INFO_PREFIX = "";
			};
			name = Release;
		};
/* End XCBuildConfiguration section */

/* Begin XCConfigurationList section */
		4C13768A258081B800DE3186 /* Build configuration list for PBXProject "Finch" */ = {
			isa = XCConfigurationList;
			buildConfigurations = (
				4C13769D258081BA00DE3186 /* Debug */,
				4C13769E258081BA00DE3186 /* Release */,
			);
			defaultConfigurationIsVisible = 0;
			defaultConfigurationName = Release;
		};
		4C13769F258081BA00DE3186 /* Build configuration list for PBXNativeTarget "Finch" */ = {
			isa = XCConfigurationList;
			buildConfigurations = (
				4C1376A0258081BA00DE3186 /* Debug */,
				4C1376A1258081BA00DE3186 /* Release */,
			);
			defaultConfigurationIsVisible = 0;
			defaultConfigurationName = Release;
		};
		4C1376B8258081E700DE3186 /* Build configuration list for PBXNativeTarget "SourceEditorExtension" */ = {
			isa = XCConfigurationList;
			buildConfigurations = (
				4C1376B9258081E700DE3186 /* Debug */,
				4C1376BA258081E700DE3186 /* Release */,
			);
			defaultConfigurationIsVisible = 0;
			defaultConfigurationName = Release;
		};
		4C7855BF258330D0001FC7D1 /* Build configuration list for PBXNativeTarget "Core" */ = {
			isa = XCConfigurationList;
			buildConfigurations = (
				4C7855BD258330D0001FC7D1 /* Debug */,
				4C7855BE258330D0001FC7D1 /* Release */,
			);
			defaultConfigurationIsVisible = 0;
			defaultConfigurationName = Release;
		};
/* End XCConfigurationList section */

/* Begin XCRemoteSwiftPackageReference section */
		4C78564825841EA1001FC7D1 /* XCRemoteSwiftPackageReference "Toucan" */ = {
			isa = XCRemoteSwiftPackageReference;
			repositoryURL = "https://github.com/NicholasBellucci/Toucan.git";
			requirement = {
				branch = main;
				kind = branch;
			};
		};
/* End XCRemoteSwiftPackageReference section */

/* Begin XCSwiftPackageProductDependency section */
		4C78564925841EA1001FC7D1 /* Toucan */ = {
			isa = XCSwiftPackageProductDependency;
			package = 4C78564825841EA1001FC7D1 /* XCRemoteSwiftPackageReference "Toucan" */;
			productName = Toucan;
		};
/* End XCSwiftPackageProductDependency section */
	};
	rootObject = 4C137687258081B800DE3186 /* Project object */;
}
